Microsoft Visual Studio Solution File, Format Version 11.00
# Visual Studio 2008

Project("{D3640183-B889-F34B-862E-5C1EF318D23F}") = "FireThing", "Assembly-CSharp.csproj", "{EEC0EFBE-CFB9-06EA-1A4E-758FA7554F1A}"
EndProject
Global
	GlobalSection(SolutionConfigurationPlatforms) = preSolution
		Debug|Any CPU = Debug|Any CPU
		Release|Any CPU = Release|Any CPU
	EndGlobalSection
	GlobalSection(ProjectConfigurationPlatforms) = postSolution
		{EEC0EFBE-CFB9-06EA-1A4E-758FA7554F1A}.Debug|Any CPU.ActiveCfg = Debug|Any CPU
		{EEC0EFBE-CFB9-06EA-1A4E-758FA7554F1A}.Debug|Any CPU.Build.0 = Debug|Any CPU
		{EEC0EFBE-CFB9-06EA-1A4E-758FA7554F1A}.Release|Any CPU.ActiveCfg = Release|Any CPU
		{EEC0EFBE-CFB9-06EA-1A4E-758FA7554F1A}.Release|Any CPU.Build.0 = Release|Any CPU
	EndGlobalSection
	GlobalSection(SolutionProperties) = preSolution
		HideSolutionNode = FALSE
	EndGlobalSection
	GlobalSection(MonoDevelopProperties) = preSolution
		StartupItem = Assembly-CSharp.csproj
	EndGlobalSection
EndGlobal
